
Microsoft Visual Studio Solution File, Format Version 12.00
# Visual Studio Version 17
VisualStudioVersion = 17.1.32120.378
MinimumVisualStudioVersion = 10.0.40219.1
Project("{9A19103F-16F7-4668-BE54-9A1E7A4F7556}") = "MisProject.API", "MisProject_API\MisProject.API.csproj", "{514C4EE1-FD71-4801-97E8-4ED35EB91B46}"
EndProject
Project("{2150E333-8FDC-42A3-9474-1A3956D46DE8}") = "Layers", "Layers", "{FE88F9AD-9340-4C9F-ACFA-65A8F9BB45B2}"
EndProject
Project("{9A19103F-16F7-4668-BE54-9A1E7A4F7556}") = "MisProject.Core", "Layers\MisProject.Core\MisProject.Core.csproj", "{02A2AA5E-FCF8-4482-AB46-4CDEBAD48A09}"
EndProject
Project("{2150E333-8FDC-42A3-9474-1A3956D46DE8}") = "Tests", "Tests", "{6BE521ED-EB4A-4EC5-BBD8-8CB0C73F3EEB}"
EndProject
Project("{9A19103F-16F7-4668-BE54-9A1E7A4F7556}") = "MisProject.Core.Tests", "Tests\MisProject.Core.Tests\MisProject.Core.Tests.csproj", "{C8FE3FEE-710E-4E5D-942F-1A66C3BA46CF}"
EndProject
Project("{9A19103F-16F7-4668-BE54-9A1E7A4F7556}") = "MisProject.DataLayer", "Layers\MisProject.DataLayer\MisProject.DataLayer.csproj", "{33C3649F-BEF4-4333-BE7E-726E50F1B769}"
EndProject
Project("{2150E333-8FDC-42A3-9474-1A3956D46DE8}") = "Libraries", "Libraries", "{4DE7753B-14BA-45EF-8BF9-07D69F4C2C1E}"
EndProject
Project("{9A19103F-16F7-4668-BE54-9A1E7A4F7556}") = "MisProject.Helpers", "Libraries\MisProject.Helpers\MisProject.Helpers.csproj", "{86D8E05A-2D73-44B4-8FD6-CFB59ACE80F5}"
EndProject
Project("{9A19103F-16F7-4668-BE54-9A1E7A4F7556}") = "MisProject.Helpers.Tests", "Tests\MisProject.Helpers.Tests\MisProject.Helpers.Tests.csproj", "{71764F6E-1150-45A8-8469-050BA4F609AC}"
EndProject
Project("{9A19103F-16F7-4668-BE54-9A1E7A4F7556}") = "MisProject.DTOs", "Layers\MisProject.DTOs\MisProject.DTOs.csproj", "{64AEC6CD-4E7E-4998-8835-3A7D2E1F42B2}"
EndProject
Project("{FAE04EC0-301F-11D3-BF4B-00C04F79EFBC}") = "MisProject.DataHelpers", "Libraries\MisProject.DataHelpers\MisProject.DataHelpers.csproj", "{6E4E0955-EEA7-4CA9-8E58-DF23293933AF}"
EndProject
Project("{FAE04EC0-301F-11D3-BF4B-00C04F79EFBC}") = "MisProject.DataLayer.Tests", "Tests\MisProject.DataLayer.Tests\MisProject.DataLayer.Tests.csproj", "{563F1895-D158-4ADD-A047-738C4286D2C3}"
EndProject
Global
	GlobalSection(SolutionConfigurationPlatforms) = preSolution
		Debug|Any CPU = Debug|Any CPU
		Release|Any CPU = Release|Any CPU
	EndGlobalSection
	GlobalSection(ProjectConfigurationPlatforms) = postSolution
		{514C4EE1-FD71-4801-97E8-4ED35EB91B46}.Debug|Any CPU.ActiveCfg = Debug|Any CPU
		{514C4EE1-FD71-4801-97E8-4ED35EB91B46}.Debug|Any CPU.Build.0 = Debug|Any CPU
		{514C4EE1-FD71-4801-97E8-4ED35EB91B46}.Release|Any CPU.ActiveCfg = Release|Any CPU
		{514C4EE1-FD71-4801-97E8-4ED35EB91B46}.Release|Any CPU.Build.0 = Release|Any CPU
		{02A2AA5E-FCF8-4482-AB46-4CDEBAD48A09}.Debug|Any CPU.ActiveCfg = Debug|Any CPU
		{02A2AA5E-FCF8-4482-AB46-4CDEBAD48A09}.Debug|Any CPU.Build.0 = Debug|Any CPU
		{02A2AA5E-FCF8-4482-AB46-4CDEBAD48A09}.Release|Any CPU.ActiveCfg = Release|Any CPU
		{02A2AA5E-FCF8-4482-AB46-4CDEBAD48A09}.Release|Any CPU.Build.0 = Release|Any CPU
		{C8FE3FEE-710E-4E5D-942F-1A66C3BA46CF}.Debug|Any CPU.ActiveCfg = Debug|Any CPU
		{C8FE3FEE-710E-4E5D-942F-1A66C3BA46CF}.Debug|Any CPU.Build.0 = Debug|Any CPU
		{C8FE3FEE-710E-4E5D-942F-1A66C3BA46CF}.Release|Any CPU.ActiveCfg = Release|Any CPU
		{C8FE3FEE-710E-4E5D-942F-1A66C3BA46CF}.Release|Any CPU.Build.0 = Release|Any CPU
		{33C3649F-BEF4-4333-BE7E-726E50F1B769}.Debug|Any CPU.ActiveCfg = Debug|Any CPU
		{33C3649F-BEF4-4333-BE7E-726E50F1B769}.Debug|Any CPU.Build.0 = Debug|Any CPU
		{33C3649F-BEF4-4333-BE7E-726E50F1B769}.Release|Any CPU.ActiveCfg = Release|Any CPU
		{33C3649F-BEF4-4333-BE7E-726E50F1B769}.Release|Any CPU.Build.0 = Release|Any CPU
		{86D8E05A-2D73-44B4-8FD6-CFB59ACE80F5}.Debug|Any CPU.ActiveCfg = Debug|Any CPU
		{86D8E05A-2D73-44B4-8FD6-CFB59ACE80F5}.Debug|Any CPU.Build.0 = Debug|Any CPU
		{86D8E05A-2D73-44B4-8FD6-CFB59ACE80F5}.Release|Any CPU.ActiveCfg = Release|Any CPU
		{86D8E05A-2D73-44B4-8FD6-CFB59ACE80F5}.Release|Any CPU.Build.0 = Release|Any CPU
		{71764F6E-1150-45A8-8469-050BA4F609AC}.Debug|Any CPU.ActiveCfg = Debug|Any CPU
		{71764F6E-1150-45A8-8469-050BA4F609AC}.Debug|Any CPU.Build.0 = Debug|Any CPU
		{71764F6E-1150-45A8-8469-050BA4F609AC}.Release|Any CPU.ActiveCfg = Release|Any CPU
		{71764F6E-1150-45A8-8469-050BA4F609AC}.Release|Any CPU.Build.0 = Release|Any CPU
		{64AEC6CD-4E7E-4998-8835-3A7D2E1F42B2}.Debug|Any CPU.ActiveCfg = Debug|Any CPU
		{64AEC6CD-4E7E-4998-8835-3A7D2E1F42B2}.Debug|Any CPU.Build.0 = Debug|Any CPU
		{64AEC6CD-4E7E-4998-8835-3A7D2E1F42B2}.Release|Any CPU.ActiveCfg = Release|Any CPU
		{64AEC6CD-4E7E-4998-8835-3A7D2E1F42B2}.Release|Any CPU.Build.0 = Release|Any CPU
		{6E4E0955-EEA7-4CA9-8E58-DF23293933AF}.Debug|Any CPU.ActiveCfg = Debug|Any CPU
		{6E4E0955-EEA7-4CA9-8E58-DF23293933AF}.Debug|Any CPU.Build.0 = Debug|Any CPU
		{6E4E0955-EEA7-4CA9-8E58-DF23293933AF}.Release|Any CPU.ActiveCfg = Release|Any CPU
		{6E4E0955-EEA7-4CA9-8E58-DF23293933AF}.Release|Any CPU.Build.0 = Release|Any CPU
		{563F1895-D158-4ADD-A047-738C4286D2C3}.Debug|Any CPU.ActiveCfg = Debug|Any CPU
		{563F1895-D158-4ADD-A047-738C4286D2C3}.Debug|Any CPU.Build.0 = Debug|Any CPU
		{563F1895-D158-4ADD-A047-738C4286D2C3}.Release|Any CPU.ActiveCfg = Release|Any CPU
		{563F1895-D158-4ADD-A047-738C4286D2C3}.Release|Any CPU.Build.0 = Release|Any CPU
	EndGlobalSection
	GlobalSection(SolutionProperties) = preSolution
		HideSolutionNode = FALSE
	EndGlobalSection
	GlobalSection(NestedProjects) = preSolution
		{02A2AA5E-FCF8-4482-AB46-4CDEBAD48A09} = {FE88F9AD-9340-4C9F-ACFA-65A8F9BB45B2}
		{C8FE3FEE-710E-4E5D-942F-1A66C3BA46CF} = {6BE521ED-EB4A-4EC5-BBD8-8CB0C73F3EEB}
		{33C3649F-BEF4-4333-BE7E-726E50F1B769} = {FE88F9AD-9340-4C9F-ACFA-65A8F9BB45B2}
		{86D8E05A-2D73-44B4-8FD6-CFB59ACE80F5} = {4DE7753B-14BA-45EF-8BF9-07D69F4C2C1E}
		{71764F6E-1150-45A8-8469-050BA4F609AC} = {6BE521ED-EB4A-4EC5-BBD8-8CB0C73F3EEB}
		{64AEC6CD-4E7E-4998-8835-3A7D2E1F42B2} = {FE88F9AD-9340-4C9F-ACFA-65A8F9BB45B2}
		{6E4E0955-EEA7-4CA9-8E58-DF23293933AF} = {4DE7753B-14BA-45EF-8BF9-07D69F4C2C1E}
		{563F1895-D158-4ADD-A047-738C4286D2C3} = {6BE521ED-EB4A-4EC5-BBD8-8CB0C73F3EEB}
	EndGlobalSection
	GlobalSection(ExtensibilityGlobals) = postSolution
		SolutionGuid = {79D5A344-B05F-49E9-9A9D-AA5C95DBC7B0}
	EndGlobalSection
EndGlobal
